schema: '2.0'
stages:
  data_ingestion:
    cmd: python src/data/data_ingestion.py
    deps:
    - path: src/data/data_ingestion.py
      hash: md5
      md5: 9e32890669c89dab7ba2a715afbcda3d
      size: 3516
    params:
      params.yaml:
        data_ingestion.test_size: 0.2
    outs:
    - path: data/raw
      hash: md5
      md5: b855e2bab4e21078d44844fee5be9da3.dir
      size: 6882906
      nfiles: 2
  data_preprocessing:
    cmd: python src/data/data_preprocessing.py
    deps:
    - path: data/raw
      hash: md5
      md5: b855e2bab4e21078d44844fee5be9da3.dir
      size: 6882906
      nfiles: 2
    - path: src/data/data_preprocessing.py
      hash: md5
      md5: 82ec7708ff1cdd823cc15d3c87579be7
      size: 3623
    outs:
    - path: data/interim
      hash: md5
      md5: 5527e9d39fb5d2dff00e4c1ea6e043bb.dir
      size: 5095933
      nfiles: 2
  model_building:
    cmd: python src/model/model_building.py
    deps:
    - path: data/interim
      hash: md5
      md5: 5527e9d39fb5d2dff00e4c1ea6e043bb.dir
      size: 5095933
      nfiles: 2
    - path: src/model/model_building.py
      hash: md5
      md5: 601f11123872c9b248421f1e9b108479
      size: 5478
    params:
      params.yaml:
        model_building.learning_rate: 0.09
        model_building.max_depth: 20
        model_building.max_features: 10000
        model_building.n_estimators: 367
        model_building.ngram_range:
        - 1
        - 3
    outs:
    - path: lgbm_model.pkl
      hash: md5
      md5: d34ad86269093c1059d62f0714248aa5
      size: 4105035
    - path: tfidf_vectorizer.pkl
      hash: md5
      md5: 36d317c2dc62de91ad4d091a9bae2a96
      size: 384148
  model_evaluation:
    cmd: python src/model/model_evaluation.py
    deps:
    - path: data/interim/test_processed.csv
      hash: md5
      md5: 2ae52005e2914f3503f126c5517c049d
      size: 992728
    - path: data/interim/train_processed.csv
      hash: md5
      md5: dda0bc512b79e45ffac20114f356bdc1
      size: 4103205
    - path: lgbm_model.pkl
      hash: md5
      md5: d34ad86269093c1059d62f0714248aa5
      size: 4105035
    - path: src/model/model_evaluation.py
      hash: md5
      md5: 0c721717de80cd4a7830e2bc37263281
      size: 7261
    - path: tfidf_vectorizer.pkl
      hash: md5
      md5: 36d317c2dc62de91ad4d091a9bae2a96
      size: 384148
    outs:
    - path: experiment_info.json
      hash: md5
      md5: c8b681797f32beae1a918f5b0e7111a3
      size: 84
  model_registration:
    cmd: python src/model/register_model.py
    deps:
    - path: experiment_info.json
      hash: md5
      md5: c8b681797f32beae1a918f5b0e7111a3
      size: 84
    - path: src/model/register_model.py
      hash: md5
      md5: 798dbd6a31cb61c39a6f3014f39aa65a
      size: 2418
